
Microsoft Visual Studio Solution File, Format Version 12.00
# Visual Studio 14
VisualStudioVersion = 14.0.23107.0
MinimumVisualStudioVersion = 10.0.40219.1
Project("{FAE04EC0-301F-11D3-BF4B-00C04F79EFBC}") = "dotNetExceptionLab.v45", "dotNetExceptionLab.v45\dotNetExceptionLab.v45.csproj", "{3B5C43F6-C95F-4457-8171-0C3F41096942}"
EndProject
Project("{FAE04EC0-301F-11D3-BF4B-00C04F79EFBC}") = "dotNetExceptionLab.Lib", "dotNetExceptionLab.Lib\dotNetExceptionLab.Lib.csproj", "{15506A8F-B64A-479E-B9EC-6EAEBC8A9837}"
EndProject
Global
	GlobalSection(SolutionConfigurationPlatforms) = preSolution
		Debug|Any CPU = Debug|Any CPU
		Release|Any CPU = Release|Any CPU
	EndGlobalSection
	GlobalSection(ProjectConfigurationPlatforms) = postSolution
		{3B5C43F6-C95F-4457-8171-0C3F41096942}.Debug|Any CPU.ActiveCfg = Debug|Any CPU
		{3B5C43F6-C95F-4457-8171-0C3F41096942}.Debug|Any CPU.Build.0 = Debug|Any CPU
		{3B5C43F6-C95F-4457-8171-0C3F41096942}.Release|Any CPU.ActiveCfg = Release|Any CPU
		{3B5C43F6-C95F-4457-8171-0C3F41096942}.Release|Any CPU.Build.0 = Release|Any CPU
		{15506A8F-B64A-479E-B9EC-6EAEBC8A9837}.Debug|Any CPU.ActiveCfg = Debug|Any CPU
		{15506A8F-B64A-479E-B9EC-6EAEBC8A9837}.Debug|Any CPU.Build.0 = Debug|Any CPU
		{15506A8F-B64A-479E-B9EC-6EAEBC8A9837}.Release|Any CPU.ActiveCfg = Release|Any CPU
		{15506A8F-B64A-479E-B9EC-6EAEBC8A9837}.Release|Any CPU.Build.0 = Release|Any CPU
	EndGlobalSection
	GlobalSection(SolutionProperties) = preSolution
		HideSolutionNode = FALSE
	EndGlobalSection
EndGlobal
